{
    "name": "http_trace",
    "version": "0.5.0",
    "lockfileVersion": 1,
    "requires": true,
    "dependencies": {
        "http-parser-js": {
            "version": "file:../http-parser-js"
        },
        "nan": {
            "version": "2.9.2",
            "resolved": "https://registry.npmjs.org/nan/-/nan-2.9.2.tgz",
            "integrity": "sha512-ltW65co7f3PQWBDbqVvaU1WtFJUsNW7sWWm4HINhbMQIyVyzIeyZ8toX5TC5eeooE6piZoaEh4cZkueSKG3KYw=="
        },
        "pcap": {
            "version": "git+https://github.com/bytzdev/node_pcap.git#4e15010a8ed141d092543349919a4de4f56650ff",
            "requires": {
                "nan": "2.9.2",
                "socketwatcher": "git+https://github.com/bytzdev/node-socketwatcher.git#d252d3f8c45f565a0a48ebd155d4f9e4666798d9"
            },
            "dependencies": {
                "socketwatcher": {
                    "version": "git+https://github.com/bytzdev/node-socketwatcher.git#d252d3f8c45f565a0a48ebd155d4f9e4666798d9",
                    "requires": {
                        "nan": "2.9.2"
                    }
                }
            }
        }
    }
}
